
Microsoft Visual Studio Solution File, Format Version 12.00
# Visual Studio Version 17
VisualStudioVersion = 17.12.35707.178
MinimumVisualStudioVersion = 10.0.40219.1
Project("{2150E333-8FDC-42A3-9474-1A3956D46DE8}") = "Lesson_02", "Lesson_02", "{41DCF1F7-54EA-4E03-A256-A5ADD43FAE15}"
EndProject
Project("{FAE04EC0-301F-11D3-BF4B-00C04F79EFBC}") = "Task_02_02", "Task_02_02\Task_02_02.csproj", "{30CD2A89-FBEA-4D3B-9EC9-65B610741F2A}"
EndProject
Project("{FAE04EC0-301F-11D3-BF4B-00C04F79EFBC}") = "Task_02_04", "Task_02_04\Task_02_04.csproj", "{80CD24A3-3AF1-4864-BF01-1EAF418C526C}"
EndProject
Project("{2150E333-8FDC-42A3-9474-1A3956D46DE8}") = "Lesson_03", "Lesson_03", "{1BB41B7F-12A9-4AC6-90E9-B19EF7CD4F4A}"
EndProject
Project("{FAE04EC0-301F-11D3-BF4B-00C04F79EFBC}") = "Task_03_04", "Task_03_04\Task_03_04.csproj", "{A9D9D9F2-EEAA-4DB2-8F10-792515808076}"
EndProject
Project("{FAE04EC0-301F-11D3-BF4B-00C04F79EFBC}") = "Task_03_05", "Task_03_05\Task_03_05.csproj", "{A1742CFE-306F-4837-B458-AF6B1C739138}"
EndProject
Project("{FAE04EC0-301F-11D3-BF4B-00C04F79EFBC}") = "Task_03_06", "Task_03_06\Task_03_06.csproj", "{F99742B6-F052-44D0-9366-A51A0CD61C2A}"
EndProject
Project("{FAE04EC0-301F-11D3-BF4B-00C04F79EFBC}") = "Task_03_07", "Task_03_07\Task_03_07.csproj", "{5ECAE2EF-59A1-4D9E-87FC-480ABF1FF106}"
EndProject
Project("{FAE04EC0-301F-11D3-BF4B-00C04F79EFBC}") = "Task_03_08", "Task_03_08\Task_03_08.csproj", "{EBC38CA7-DBD5-4E23-8D11-A8ACBD3EFC41}"
EndProject
Project("{FAE04EC0-301F-11D3-BF4B-00C04F79EFBC}") = "Task_03_09", "Task_03_09\Task_03_09.csproj", "{CD4C90FF-668A-4944-A707-94DF6D2C0DEC}"
EndProject
Project("{2150E333-8FDC-42A3-9474-1A3956D46DE8}") = "Lesson_04", "Lesson_04", "{372090F5-380E-4F16-B03A-4A716A8F79BA}"
EndProject
Project("{FAE04EC0-301F-11D3-BF4B-00C04F79EFBC}") = "Task_04_05", "Task_04_05\Task_04_05.csproj", "{48D75174-7A9C-494B-B39C-BE965085E989}"
EndProject
Project("{FAE04EC0-301F-11D3-BF4B-00C04F79EFBC}") = "Task_04_06", "Task_04_06\Task_04_06.csproj", "{5259921C-95E9-40AE-B878-40A16B4EE80A}"
EndProject
Project("{FAE04EC0-301F-11D3-BF4B-00C04F79EFBC}") = "Task_04_07", "Task_04_07\Task_04_07.csproj", "{9EB2C6F9-9F53-4455-B5B8-D73EDE696FE4}"
EndProject
Project("{FAE04EC0-301F-11D3-BF4B-00C04F79EFBC}") = "Task_04_08", "Task_04_08\Task_04_08.csproj", "{A785CF80-DE3C-49FA-9217-FB77480FFF6C}"
EndProject
Project("{FAE04EC0-301F-11D3-BF4B-00C04F79EFBC}") = "Task_04_09", "Task_04_09\Task_04_09.csproj", "{9CCDD7EF-2F87-43D4-B6D5-748E35AA5161}"
EndProject
Project("{FAE04EC0-301F-11D3-BF4B-00C04F79EFBC}") = "Task_04_10", "Task_04_10\Task_04_10.csproj", "{568D6E98-BC93-474B-A097-2703BA9B81A5}"
EndProject
Project("{2150E333-8FDC-42A3-9474-1A3956D46DE8}") = "Lesson_05", "Lesson_05", "{9D6061BC-1ECB-4A15-98F5-DBB90F28A47E}"
EndProject
Project("{FAE04EC0-301F-11D3-BF4B-00C04F79EFBC}") = "Task_05_03", "Task_05_03\Task_05_03.csproj", "{DCBCDD94-E8B2-4EB3-B8B9-167DF643D4B0}"
EndProject
Project("{FAE04EC0-301F-11D3-BF4B-00C04F79EFBC}") = "Task_05_04", "Task_05_04\Task_05_04.csproj", "{43E346B3-3EC8-4CF7-8989-EF33E8BAB9C9}"
EndProject
Project("{FAE04EC0-301F-11D3-BF4B-00C04F79EFBC}") = "Task_05_05", "Task_05_05\Task_05_05.csproj", "{934CCE44-22EC-48CD-9AE2-55050839A0CF}"
EndProject
Global
	GlobalSection(SolutionConfigurationPlatforms) = preSolution
		Debug|Any CPU = Debug|Any CPU
		Release|Any CPU = Release|Any CPU
	EndGlobalSection
	GlobalSection(ProjectConfigurationPlatforms) = postSolution
		{30CD2A89-FBEA-4D3B-9EC9-65B610741F2A}.Debug|Any CPU.ActiveCfg = Debug|Any CPU
		{30CD2A89-FBEA-4D3B-9EC9-65B610741F2A}.Debug|Any CPU.Build.0 = Debug|Any CPU
		{30CD2A89-FBEA-4D3B-9EC9-65B610741F2A}.Release|Any CPU.ActiveCfg = Release|Any CPU
		{30CD2A89-FBEA-4D3B-9EC9-65B610741F2A}.Release|Any CPU.Build.0 = Release|Any CPU
		{80CD24A3-3AF1-4864-BF01-1EAF418C526C}.Debug|Any CPU.ActiveCfg = Debug|Any CPU
		{80CD24A3-3AF1-4864-BF01-1EAF418C526C}.Debug|Any CPU.Build.0 = Debug|Any CPU
		{80CD24A3-3AF1-4864-BF01-1EAF418C526C}.Release|Any CPU.ActiveCfg = Release|Any CPU
		{80CD24A3-3AF1-4864-BF01-1EAF418C526C}.Release|Any CPU.Build.0 = Release|Any CPU
		{A9D9D9F2-EEAA-4DB2-8F10-792515808076}.Debug|Any CPU.ActiveCfg = Debug|Any CPU
		{A9D9D9F2-EEAA-4DB2-8F10-792515808076}.Debug|Any CPU.Build.0 = Debug|Any CPU
		{A9D9D9F2-EEAA-4DB2-8F10-792515808076}.Release|Any CPU.ActiveCfg = Release|Any CPU
		{A9D9D9F2-EEAA-4DB2-8F10-792515808076}.Release|Any CPU.Build.0 = Release|Any CPU
		{A1742CFE-306F-4837-B458-AF6B1C739138}.Debug|Any CPU.ActiveCfg = Debug|Any CPU
		{A1742CFE-306F-4837-B458-AF6B1C739138}.Debug|Any CPU.Build.0 = Debug|Any CPU
		{A1742CFE-306F-4837-B458-AF6B1C739138}.Release|Any CPU.ActiveCfg = Release|Any CPU
		{A1742CFE-306F-4837-B458-AF6B1C739138}.Release|Any CPU.Build.0 = Release|Any CPU
		{F99742B6-F052-44D0-9366-A51A0CD61C2A}.Debug|Any CPU.ActiveCfg = Debug|Any CPU
		{F99742B6-F052-44D0-9366-A51A0CD61C2A}.Debug|Any CPU.Build.0 = Debug|Any CPU
		{F99742B6-F052-44D0-9366-A51A0CD61C2A}.Release|Any CPU.ActiveCfg = Release|Any CPU
		{F99742B6-F052-44D0-9366-A51A0CD61C2A}.Release|Any CPU.Build.0 = Release|Any CPU
		{5ECAE2EF-59A1-4D9E-87FC-480ABF1FF106}.Debug|Any CPU.ActiveCfg = Debug|Any CPU
		{5ECAE2EF-59A1-4D9E-87FC-480ABF1FF106}.Debug|Any CPU.Build.0 = Debug|Any CPU
		{5ECAE2EF-59A1-4D9E-87FC-480ABF1FF106}.Release|Any CPU.ActiveCfg = Release|Any CPU
		{5ECAE2EF-59A1-4D9E-87FC-480ABF1FF106}.Release|Any CPU.Build.0 = Release|Any CPU
		{EBC38CA7-DBD5-4E23-8D11-A8ACBD3EFC41}.Debug|Any CPU.ActiveCfg = Debug|Any CPU
		{EBC38CA7-DBD5-4E23-8D11-A8ACBD3EFC41}.Debug|Any CPU.Build.0 = Debug|Any CPU
		{EBC38CA7-DBD5-4E23-8D11-A8ACBD3EFC41}.Release|Any CPU.ActiveCfg = Release|Any CPU
		{EBC38CA7-DBD5-4E23-8D11-A8ACBD3EFC41}.Release|Any CPU.Build.0 = Release|Any CPU
		{CD4C90FF-668A-4944-A707-94DF6D2C0DEC}.Debug|Any CPU.ActiveCfg = Debug|Any CPU
		{CD4C90FF-668A-4944-A707-94DF6D2C0DEC}.Debug|Any CPU.Build.0 = Debug|Any CPU
		{CD4C90FF-668A-4944-A707-94DF6D2C0DEC}.Release|Any CPU.ActiveCfg = Release|Any CPU
		{CD4C90FF-668A-4944-A707-94DF6D2C0DEC}.Release|Any CPU.Build.0 = Release|Any CPU
		{48D75174-7A9C-494B-B39C-BE965085E989}.Debug|Any CPU.ActiveCfg = Debug|Any CPU
		{48D75174-7A9C-494B-B39C-BE965085E989}.Debug|Any CPU.Build.0 = Debug|Any CPU
		{48D75174-7A9C-494B-B39C-BE965085E989}.Release|Any CPU.ActiveCfg = Release|Any CPU
		{48D75174-7A9C-494B-B39C-BE965085E989}.Release|Any CPU.Build.0 = Release|Any CPU
		{5259921C-95E9-40AE-B878-40A16B4EE80A}.Debug|Any CPU.ActiveCfg = Debug|Any CPU
		{5259921C-95E9-40AE-B878-40A16B4EE80A}.Debug|Any CPU.Build.0 = Debug|Any CPU
		{5259921C-95E9-40AE-B878-40A16B4EE80A}.Release|Any CPU.ActiveCfg = Release|Any CPU
		{5259921C-95E9-40AE-B878-40A16B4EE80A}.Release|Any CPU.Build.0 = Release|Any CPU
		{9EB2C6F9-9F53-4455-B5B8-D73EDE696FE4}.Debug|Any CPU.ActiveCfg = Debug|Any CPU
		{9EB2C6F9-9F53-4455-B5B8-D73EDE696FE4}.Debug|Any CPU.Build.0 = Debug|Any CPU
		{9EB2C6F9-9F53-4455-B5B8-D73EDE696FE4}.Release|Any CPU.ActiveCfg = Release|Any CPU
		{9EB2C6F9-9F53-4455-B5B8-D73EDE696FE4}.Release|Any CPU.Build.0 = Release|Any CPU
		{A785CF80-DE3C-49FA-9217-FB77480FFF6C}.Debug|Any CPU.ActiveCfg = Debug|Any CPU
		{A785CF80-DE3C-49FA-9217-FB77480FFF6C}.Debug|Any CPU.Build.0 = Debug|Any CPU
		{A785CF80-DE3C-49FA-9217-FB77480FFF6C}.Release|Any CPU.ActiveCfg = Release|Any CPU
		{A785CF80-DE3C-49FA-9217-FB77480FFF6C}.Release|Any CPU.Build.0 = Release|Any CPU
		{9CCDD7EF-2F87-43D4-B6D5-748E35AA5161}.Debug|Any CPU.ActiveCfg = Debug|Any CPU
		{9CCDD7EF-2F87-43D4-B6D5-748E35AA5161}.Debug|Any CPU.Build.0 = Debug|Any CPU
		{9CCDD7EF-2F87-43D4-B6D5-748E35AA5161}.Release|Any CPU.ActiveCfg = Release|Any CPU
		{9CCDD7EF-2F87-43D4-B6D5-748E35AA5161}.Release|Any CPU.Build.0 = Release|Any CPU
		{568D6E98-BC93-474B-A097-2703BA9B81A5}.Debug|Any CPU.ActiveCfg = Debug|Any CPU
		{568D6E98-BC93-474B-A097-2703BA9B81A5}.Debug|Any CPU.Build.0 = Debug|Any CPU
		{568D6E98-BC93-474B-A097-2703BA9B81A5}.Release|Any CPU.ActiveCfg = Release|Any CPU
		{568D6E98-BC93-474B-A097-2703BA9B81A5}.Release|Any CPU.Build.0 = Release|Any CPU
		{DCBCDD94-E8B2-4EB3-B8B9-167DF643D4B0}.Debug|Any CPU.ActiveCfg = Debug|Any CPU
		{DCBCDD94-E8B2-4EB3-B8B9-167DF643D4B0}.Debug|Any CPU.Build.0 = Debug|Any CPU
		{DCBCDD94-E8B2-4EB3-B8B9-167DF643D4B0}.Release|Any CPU.ActiveCfg = Release|Any CPU
		{DCBCDD94-E8B2-4EB3-B8B9-167DF643D4B0}.Release|Any CPU.Build.0 = Release|Any CPU
		{43E346B3-3EC8-4CF7-8989-EF33E8BAB9C9}.Debug|Any CPU.ActiveCfg = Debug|Any CPU
		{43E346B3-3EC8-4CF7-8989-EF33E8BAB9C9}.Debug|Any CPU.Build.0 = Debug|Any CPU
		{43E346B3-3EC8-4CF7-8989-EF33E8BAB9C9}.Release|Any CPU.ActiveCfg = Release|Any CPU
		{43E346B3-3EC8-4CF7-8989-EF33E8BAB9C9}.Release|Any CPU.Build.0 = Release|Any CPU
		{934CCE44-22EC-48CD-9AE2-55050839A0CF}.Debug|Any CPU.ActiveCfg = Debug|Any CPU
		{934CCE44-22EC-48CD-9AE2-55050839A0CF}.Debug|Any CPU.Build.0 = Debug|Any CPU
		{934CCE44-22EC-48CD-9AE2-55050839A0CF}.Release|Any CPU.ActiveCfg = Release|Any CPU
		{934CCE44-22EC-48CD-9AE2-55050839A0CF}.Release|Any CPU.Build.0 = Release|Any CPU
	EndGlobalSection
	GlobalSection(SolutionProperties) = preSolution
		HideSolutionNode = FALSE
	EndGlobalSection
	GlobalSection(NestedProjects) = preSolution
		{30CD2A89-FBEA-4D3B-9EC9-65B610741F2A} = {41DCF1F7-54EA-4E03-A256-A5ADD43FAE15}
		{80CD24A3-3AF1-4864-BF01-1EAF418C526C} = {41DCF1F7-54EA-4E03-A256-A5ADD43FAE15}
		{A9D9D9F2-EEAA-4DB2-8F10-792515808076} = {1BB41B7F-12A9-4AC6-90E9-B19EF7CD4F4A}
		{A1742CFE-306F-4837-B458-AF6B1C739138} = {1BB41B7F-12A9-4AC6-90E9-B19EF7CD4F4A}
		{F99742B6-F052-44D0-9366-A51A0CD61C2A} = {1BB41B7F-12A9-4AC6-90E9-B19EF7CD4F4A}
		{5ECAE2EF-59A1-4D9E-87FC-480ABF1FF106} = {1BB41B7F-12A9-4AC6-90E9-B19EF7CD4F4A}
		{EBC38CA7-DBD5-4E23-8D11-A8ACBD3EFC41} = {1BB41B7F-12A9-4AC6-90E9-B19EF7CD4F4A}
		{CD4C90FF-668A-4944-A707-94DF6D2C0DEC} = {1BB41B7F-12A9-4AC6-90E9-B19EF7CD4F4A}
		{48D75174-7A9C-494B-B39C-BE965085E989} = {372090F5-380E-4F16-B03A-4A716A8F79BA}
		{5259921C-95E9-40AE-B878-40A16B4EE80A} = {372090F5-380E-4F16-B03A-4A716A8F79BA}
		{9EB2C6F9-9F53-4455-B5B8-D73EDE696FE4} = {372090F5-380E-4F16-B03A-4A716A8F79BA}
		{A785CF80-DE3C-49FA-9217-FB77480FFF6C} = {372090F5-380E-4F16-B03A-4A716A8F79BA}
		{9CCDD7EF-2F87-43D4-B6D5-748E35AA5161} = {372090F5-380E-4F16-B03A-4A716A8F79BA}
		{568D6E98-BC93-474B-A097-2703BA9B81A5} = {372090F5-380E-4F16-B03A-4A716A8F79BA}
		{DCBCDD94-E8B2-4EB3-B8B9-167DF643D4B0} = {9D6061BC-1ECB-4A15-98F5-DBB90F28A47E}
		{43E346B3-3EC8-4CF7-8989-EF33E8BAB9C9} = {9D6061BC-1ECB-4A15-98F5-DBB90F28A47E}
		{934CCE44-22EC-48CD-9AE2-55050839A0CF} = {9D6061BC-1ECB-4A15-98F5-DBB90F28A47E}
	EndGlobalSection
EndGlobal
