
Microsoft Visual Studio Solution File, Format Version 12.00
# Visual Studio Version 17
VisualStudioVersion = 17.12.35707.178 d17.12
MinimumVisualStudioVersion = 10.0.40219.1
Project("{2150E333-8FDC-42A3-9474-1A3956D46DE8}") = "Lesson_02", "Lesson_02", "{41DCF1F7-54EA-4E03-A256-A5ADD43FAE15}"
EndProject
Project("{FAE04EC0-301F-11D3-BF4B-00C04F79EFBC}") = "Task_02_02", "Task_02_02\Task_02_02.csproj", "{30CD2A89-FBEA-4D3B-9EC9-65B610741F2A}"
EndProject
Project("{FAE04EC0-301F-11D3-BF4B-00C04F79EFBC}") = "Task_02_04", "Task_02_04\Task_02_04.csproj", "{80CD24A3-3AF1-4864-BF01-1EAF418C526C}"
EndProject
Project("{2150E333-8FDC-42A3-9474-1A3956D46DE8}") = "Lesson_03", "Lesson_03", "{1BB41B7F-12A9-4AC6-90E9-B19EF7CD4F4A}"
EndProject
Project("{FAE04EC0-301F-11D3-BF4B-00C04F79EFBC}") = "Task_03_04", "Task_03_04\Task_03_04.csproj", "{A9D9D9F2-EEAA-4DB2-8F10-792515808076}"
EndProject
Project("{FAE04EC0-301F-11D3-BF4B-00C04F79EFBC}") = "Task_03_05", "Task_03_05\Task_03_05.csproj", "{A1742CFE-306F-4837-B458-AF6B1C739138}"
EndProject
Project("{FAE04EC0-301F-11D3-BF4B-00C04F79EFBC}") = "Task_03_06", "Task_03_06\Task_03_06.csproj", "{F99742B6-F052-44D0-9366-A51A0CD61C2A}"
EndProject
Project("{FAE04EC0-301F-11D3-BF4B-00C04F79EFBC}") = "Task_03_07", "Task_03_07\Task_03_07.csproj", "{5ECAE2EF-59A1-4D9E-87FC-480ABF1FF106}"
EndProject
Project("{FAE04EC0-301F-11D3-BF4B-00C04F79EFBC}") = "Task_03_08", "Task_03_08\Task_03_08.csproj", "{EBC38CA7-DBD5-4E23-8D11-A8ACBD3EFC41}"
EndProject
Project("{FAE04EC0-301F-11D3-BF4B-00C04F79EFBC}") = "Task_03_09", "Task_03_09\Task_03_09.csproj", "{CD4C90FF-668A-4944-A707-94DF6D2C0DEC}"
EndProject
Project("{2150E333-8FDC-42A3-9474-1A3956D46DE8}") = "Lesson_04", "Lesson_04", "{372090F5-380E-4F16-B03A-4A716A8F79BA}"
EndProject
Project("{FAE04EC0-301F-11D3-BF4B-00C04F79EFBC}") = "Task_04_05", "Task_04_05\Task_04_05.csproj", "{48D75174-7A9C-494B-B39C-BE965085E989}"
EndProject
Global
	GlobalSection(SolutionConfigurationPlatforms) = preSolution
		Debug|Any CPU = Debug|Any CPU
		Release|Any CPU = Release|Any CPU
	EndGlobalSection
	GlobalSection(ProjectConfigurationPlatforms) = postSolution
		{30CD2A89-FBEA-4D3B-9EC9-65B610741F2A}.Debug|Any CPU.ActiveCfg = Debug|Any CPU
		{30CD2A89-FBEA-4D3B-9EC9-65B610741F2A}.Debug|Any CPU.Build.0 = Debug|Any CPU
		{30CD2A89-FBEA-4D3B-9EC9-65B610741F2A}.Release|Any CPU.ActiveCfg = Release|Any CPU
		{30CD2A89-FBEA-4D3B-9EC9-65B610741F2A}.Release|Any CPU.Build.0 = Release|Any CPU
		{80CD24A3-3AF1-4864-BF01-1EAF418C526C}.Debug|Any CPU.ActiveCfg = Debug|Any CPU
		{80CD24A3-3AF1-4864-BF01-1EAF418C526C}.Debug|Any CPU.Build.0 = Debug|Any CPU
		{80CD24A3-3AF1-4864-BF01-1EAF418C526C}.Release|Any CPU.ActiveCfg = Release|Any CPU
		{80CD24A3-3AF1-4864-BF01-1EAF418C526C}.Release|Any CPU.Build.0 = Release|Any CPU
		{A9D9D9F2-EEAA-4DB2-8F10-792515808076}.Debug|Any CPU.ActiveCfg = Debug|Any CPU
		{A9D9D9F2-EEAA-4DB2-8F10-792515808076}.Debug|Any CPU.Build.0 = Debug|Any CPU
		{A9D9D9F2-EEAA-4DB2-8F10-792515808076}.Release|Any CPU.ActiveCfg = Release|Any CPU
		{A9D9D9F2-EEAA-4DB2-8F10-792515808076}.Release|Any CPU.Build.0 = Release|Any CPU
		{A1742CFE-306F-4837-B458-AF6B1C739138}.Debug|Any CPU.ActiveCfg = Debug|Any CPU
		{A1742CFE-306F-4837-B458-AF6B1C739138}.Debug|Any CPU.Build.0 = Debug|Any CPU
		{A1742CFE-306F-4837-B458-AF6B1C739138}.Release|Any CPU.ActiveCfg = Release|Any CPU
		{A1742CFE-306F-4837-B458-AF6B1C739138}.Release|Any CPU.Build.0 = Release|Any CPU
		{F99742B6-F052-44D0-9366-A51A0CD61C2A}.Debug|Any CPU.ActiveCfg = Debug|Any CPU
		{F99742B6-F052-44D0-9366-A51A0CD61C2A}.Debug|Any CPU.Build.0 = Debug|Any CPU
		{F99742B6-F052-44D0-9366-A51A0CD61C2A}.Release|Any CPU.ActiveCfg = Release|Any CPU
		{F99742B6-F052-44D0-9366-A51A0CD61C2A}.Release|Any CPU.Build.0 = Release|Any CPU
		{5ECAE2EF-59A1-4D9E-87FC-480ABF1FF106}.Debug|Any CPU.ActiveCfg = Debug|Any CPU
		{5ECAE2EF-59A1-4D9E-87FC-480ABF1FF106}.Debug|Any CPU.Build.0 = Debug|Any CPU
		{5ECAE2EF-59A1-4D9E-87FC-480ABF1FF106}.Release|Any CPU.ActiveCfg = Release|Any CPU
		{5ECAE2EF-59A1-4D9E-87FC-480ABF1FF106}.Release|Any CPU.Build.0 = Release|Any CPU
		{EBC38CA7-DBD5-4E23-8D11-A8ACBD3EFC41}.Debug|Any CPU.ActiveCfg = Debug|Any CPU
		{EBC38CA7-DBD5-4E23-8D11-A8ACBD3EFC41}.Debug|Any CPU.Build.0 = Debug|Any CPU
		{EBC38CA7-DBD5-4E23-8D11-A8ACBD3EFC41}.Release|Any CPU.ActiveCfg = Release|Any CPU
		{EBC38CA7-DBD5-4E23-8D11-A8ACBD3EFC41}.Release|Any CPU.Build.0 = Release|Any CPU
		{CD4C90FF-668A-4944-A707-94DF6D2C0DEC}.Debug|Any CPU.ActiveCfg = Debug|Any CPU
		{CD4C90FF-668A-4944-A707-94DF6D2C0DEC}.Debug|Any CPU.Build.0 = Debug|Any CPU
		{CD4C90FF-668A-4944-A707-94DF6D2C0DEC}.Release|Any CPU.ActiveCfg = Release|Any CPU
		{CD4C90FF-668A-4944-A707-94DF6D2C0DEC}.Release|Any CPU.Build.0 = Release|Any CPU
		{48D75174-7A9C-494B-B39C-BE965085E989}.Debug|Any CPU.ActiveCfg = Debug|Any CPU
		{48D75174-7A9C-494B-B39C-BE965085E989}.Debug|Any CPU.Build.0 = Debug|Any CPU
		{48D75174-7A9C-494B-B39C-BE965085E989}.Release|Any CPU.ActiveCfg = Release|Any CPU
		{48D75174-7A9C-494B-B39C-BE965085E989}.Release|Any CPU.Build.0 = Release|Any CPU
	EndGlobalSection
	GlobalSection(SolutionProperties) = preSolution
		HideSolutionNode = FALSE
	EndGlobalSection
	GlobalSection(NestedProjects) = preSolution
		{30CD2A89-FBEA-4D3B-9EC9-65B610741F2A} = {41DCF1F7-54EA-4E03-A256-A5ADD43FAE15}
		{80CD24A3-3AF1-4864-BF01-1EAF418C526C} = {41DCF1F7-54EA-4E03-A256-A5ADD43FAE15}
		{A9D9D9F2-EEAA-4DB2-8F10-792515808076} = {1BB41B7F-12A9-4AC6-90E9-B19EF7CD4F4A}
		{A1742CFE-306F-4837-B458-AF6B1C739138} = {1BB41B7F-12A9-4AC6-90E9-B19EF7CD4F4A}
		{F99742B6-F052-44D0-9366-A51A0CD61C2A} = {1BB41B7F-12A9-4AC6-90E9-B19EF7CD4F4A}
		{5ECAE2EF-59A1-4D9E-87FC-480ABF1FF106} = {1BB41B7F-12A9-4AC6-90E9-B19EF7CD4F4A}
		{EBC38CA7-DBD5-4E23-8D11-A8ACBD3EFC41} = {1BB41B7F-12A9-4AC6-90E9-B19EF7CD4F4A}
		{CD4C90FF-668A-4944-A707-94DF6D2C0DEC} = {1BB41B7F-12A9-4AC6-90E9-B19EF7CD4F4A}
		{48D75174-7A9C-494B-B39C-BE965085E989} = {372090F5-380E-4F16-B03A-4A716A8F79BA}
	EndGlobalSection
EndGlobal
